{
  "originHash" : "288a960691dc0b39cfd36bcc21ed1e4e900ee94700e7537922aaaef62e004944",
  "pins" : [
    {
      "identity" : "blake-hash",
      "kind" : "remoteSourceControl",
      "location" : "https://github.com/trancee/blake-hash.git",
      "state" : {
        "revision" : "30148ebb247ecf41535a91775ccff153bb9100f9",
        "version" : "1.1.1"
      }
    },
    {
      "identity" : "sentry-cocoa",
      "kind" : "remoteSourceControl",
      "location" : "https://github.com/getsentry/sentry-cocoa.git",
      "state" : {
        "revision" : "d9df1c4e8d8466c7f8b3c56150378927dadf1b8e",
        "version" : "9.29.0"
      }
    },
    {
      "identity" : "swift-log",
      "kind" : "remoteSourceControl",
      "location" : "https://github.com/apple/swift-log",
      "state" : {
        "revision" : "9c6fb14227f55d8f711ce3847dc2f419fb0ecacb",
        "version" : "1.15.1"
      }
    },
    {
      "identity" : "webrtc",
      "kind" : "remoteSourceControl",
      "location" : "https://github.com/stasel/WebRTC.git",
      "state" : {
        "revision" : "4266157cd08f92115de885ab12d87196a8db87e1",
        "version" : "153.0.0"
      }
    }
  ],
  "version" : 3
}
