{
  "originHash" : "f4e5d4f9d4343d3d99f1c57cb06a923cbc969a313dcf823d36305fbd09d2ecb2",
  "pins" : [
    {
      "identity" : "blake-hash",
      "kind" : "remoteSourceControl",
      "location" : "https://github.com/trancee/blake-hash.git",
      "state" : {
        "revision" : "30148ebb247ecf41535a91775ccff153bb9100f9",
        "version" : "1.1.1"
      }
    },
    {
      "identity" : "swift-log",
      "kind" : "remoteSourceControl",
      "location" : "https://github.com/apple/swift-log",
      "state" : {
        "revision" : "5073617dac96330a486245e4c0179cb0a6fd2256",
        "version" : "1.12.0"
      }
    },
    {
      "identity" : "webrtc",
      "kind" : "remoteSourceControl",
      "location" : "https://github.com/stasel/WebRTC.git",
      "state" : {
        "revision" : "e8b5efb9d921a7d3044d3928ae235b8846436e41",
        "version" : "147.0.0"
      }
    }
  ],
  "version" : 3
}
