{
  "originHash" : "288a960691dc0b39cfd36bcc21ed1e4e900ee94700e7537922aaaef62e004944",
  "pins" : [
    {
      "identity" : "blake-hash",
      "kind" : "remoteSourceControl",
      "location" : "https://github.com/trancee/blake-hash.git",
      "state" : {
        "revision" : "30148ebb247ecf41535a91775ccff153bb9100f9",
        "version" : "1.1.1"
      }
    },
    {
      "identity" : "sentry-cocoa",
      "kind" : "remoteSourceControl",
      "location" : "https://github.com/getsentry/sentry-cocoa.git",
      "state" : {
        "revision" : "a00a9784fff7193cbb0f9fae509fec8107e07744",
        "version" : "9.26.1"
      }
    },
    {
      "identity" : "swift-log",
      "kind" : "remoteSourceControl",
      "location" : "https://github.com/apple/swift-log",
      "state" : {
        "revision" : "5073617dac96330a486245e4c0179cb0a6fd2256",
        "version" : "1.12.0"
      }
    },
    {
      "identity" : "webrtc",
      "kind" : "remoteSourceControl",
      "location" : "https://github.com/stasel/WebRTC.git",
      "state" : {
        "revision" : "4266157cd08f92115de885ab12d87196a8db87e1",
        "version" : "153.0.0"
      }
    }
  ],
  "version" : 3
}
